// !$*UTF8*$!
{
	archiveVersion = 1;
	classes = {
	};
	objectVersion = 77;
	objects = {

/* Begin PBXBuildFile section */
		79D3C1E92FA10F23004AE701 /* steve.jpg in Resources */ = {isa = PBXBuildFile; fileRef = 79D3C1E52FA10F23004AE701 /* steve.jpg */; };
		79D3C1EA2FA10F23004AE701 /* ff.mp3 in Resources */ = {isa = PBXBuildFile; fileRef = 79D3C1DB2FA10F23004AE701 /* ff.mp3 */; };
		79D3C1EB2FA10F23004AE701 /* Assets.xcassets in Resources */ = {isa = PBXBuildFile; fileRef = 79D3C1CB2FA10F23004AE701 /* Assets.xcassets */; };
		79D3C1EC2FA10F23004AE701 /* Info.plist in Resources */ = {isa = PBXBuildFile; fileRef = 79D3C1DD2FA10F23004AE701 /* Info.plist */; };
		79D3C1ED2FA10F23004AE701 /* AGENTS.md in Resources */ = {isa = PBXBuildFile; fileRef = 79D3C1C72FA10F23004AE701 /* AGENTS.md */; };
		79D3C1EE2FA10F23004AE701 /* enter.mp3 in Resources */ = {isa = PBXBuildFile; fileRef = 79D3C1D92FA10F23004AE701 /* enter.mp3 */; };
		79D3C1EF2FA10F23004AE701 /* codex-add-project.png in Resources */ = {isa = PBXBuildFile; fileRef = 79D3C1D12FA10F23004AE701 /* codex-add-project.png */; };
		79D3C1F02FA10F23004AE701 /* eshop.mp3 in Resources */ = {isa = PBXBuildFile; fileRef = 79D3C1DA2FA10F23004AE701 /* eshop.mp3 */; };
		79D3C1F12FA10F23004AE701 /* leanring_buddyApp.swift in Sources */ = {isa = PBXBuildFile; fileRef = 79D3C1DE2FA10F23004AE701 /* leanring_buddyApp.swift */; };
		79D3C1F22FA10F23004AE701 /* OpenAIAPI.swift in Sources */ = {isa = PBXBuildFile; fileRef = 79D3C1E22FA10F23004AE701 /* OpenAIAPI.swift */; };
		79D3C1F32FA10F23004AE701 /* AssemblyAIStreamingTranscriptionProvider.swift in Sources */ = {isa = PBXBuildFile; fileRef = 79D3C1CA2FA10F23004AE701 /* AssemblyAIStreamingTranscriptionProvider.swift */; };
		79D3C1F42FA10F23004AE701 /* OverlayWindow.swift in Sources */ = {isa = PBXBuildFile; fileRef = 79D3C1E42FA10F23004AE701 /* OverlayWindow.swift */; };
		79D3C1F52FA10F23004AE701 /* OpenAIAudioTranscriptionProvider.swift in Sources */ = {isa = PBXBuildFile; fileRef = 79D3C1E32FA10F23004AE701 /* OpenAIAudioTranscriptionProvider.swift */; };
		79D3C1F62FA10F23004AE701 /* WindowPositionManager.swift in Sources */ = {isa = PBXBuildFile; fileRef = 79D3C1E72FA10F23004AE701 /* WindowPositionManager.swift */; };
		79D3C1F72FA10F23004AE701 /* BuddyAudioConversionSupport.swift in Sources */ = {isa = PBXBuildFile; fileRef = 79D3C1CC2FA10F23004AE701 /* BuddyAudioConversionSupport.swift */; };
		79D3C1F82FA10F23004AE701 /* AppleSpeechTranscriptionProvider.swift in Sources */ = {isa = PBXBuildFile; fileRef = 79D3C1C92FA10F23004AE701 /* AppleSpeechTranscriptionProvider.swift */; };
		79D3C1F92FA10F23004AE701 /* CompanionResponseOverlay.swift in Sources */ = {isa = PBXBuildFile; fileRef = 79D3C1D42FA10F23004AE701 /* CompanionResponseOverlay.swift */; };
		79D3C1FA2FA10F23004AE701 /* MLXQwenAPI.swift in Sources */ = {isa = PBXBuildFile; fileRef = 79D3C1E12FA10F23004AE701 /* MLXQwenAPI.swift */; };
		79D3C1FB2FA10F23004AE701 /* WhisperLocalTranscriptionProvider.swift in Sources */ = {isa = PBXBuildFile; fileRef = 79D3C1E62FA10F23004AE701 /* WhisperLocalTranscriptionProvider.swift */; };
		79D3C1FC2FA10F23004AE701 /* ClickyAnalytics.swift in Sources */ = {isa = PBXBuildFile; fileRef = 79D3C1D02FA10F23004AE701 /* ClickyAnalytics.swift */; };
		79D3C1FD2FA10F23004AE701 /* BuddyTranscriptionProvider.swift in Sources */ = {isa = PBXBuildFile; fileRef = 79D3C1CE2FA10F23004AE701 /* BuddyTranscriptionProvider.swift */; };
		79D3C1FE2FA10F23004AE701 /* ElementLocationDetector.swift in Sources */ = {isa = PBXBuildFile; fileRef = 79D3C1D72FA10F23004AE701 /* ElementLocationDetector.swift */; };
		79D3C1FF2FA10F23004AE701 /* MenuBarPanelManager.swift in Sources */ = {isa = PBXBuildFile; fileRef = 79D3C1E02FA10F23004AE701 /* MenuBarPanelManager.swift */; };
		79D3C2002FA10F23004AE701 /* ElevenLabsTTSClient.swift in Sources */ = {isa = PBXBuildFile; fileRef = 79D3C1D82FA10F23004AE701 /* ElevenLabsTTSClient.swift */; };
		79D3C2012FA10F23004AE701 /* AppBundleConfiguration.swift in Sources */ = {isa = PBXBuildFile; fileRef = 79D3C1C82FA10F23004AE701 /* AppBundleConfiguration.swift */; };
		79D3C2022FA10F23004AE701 /* DesignSystem.swift in Sources */ = {isa = PBXBuildFile; fileRef = 79D3C1D62FA10F23004AE701 /* DesignSystem.swift */; };
		79D3C2032FA10F23004AE701 /* GlobalPushToTalkShortcutMonitor.swift in Sources */ = {isa = PBXBuildFile; fileRef = 79D3C1DC2FA10F23004AE701 /* GlobalPushToTalkShortcutMonitor.swift */; };
		79D3C2042FA10F23004AE701 /* ClaudeAPI.swift in Sources */ = {isa = PBXBuildFile; fileRef = 79D3C1CF2FA10F23004AE701 /* ClaudeAPI.swift */; };
		79D3C2052FA10F23004AE701 /* CompanionPanelView.swift in Sources */ = {isa = PBXBuildFile; fileRef = 79D3C1D32FA10F23004AE701 /* CompanionPanelView.swift */; };
		79D3C2062FA10F23004AE701 /* CompanionScreenCaptureUtility.swift in Sources */ = {isa = PBXBuildFile; fileRef = 79D3C1D52FA10F23004AE701 /* CompanionScreenCaptureUtility.swift */; };
		79D3C2072FA10F23004AE701 /* BuddyDictationManager.swift in Sources */ = {isa = PBXBuildFile; fileRef = 79D3C1CD2FA10F23004AE701 /* BuddyDictationManager.swift */; };
		79D3C2082FA10F23004AE701 /* CompanionManager.swift in Sources */ = {isa = PBXBuildFile; fileRef = 79D3C1D22FA10F23004AE701 /* CompanionManager.swift */; };
		AA00BB032F6500030039DA55 /* Sparkle in Frameworks */ = {isa = PBXBuildFile; productRef = AA00BB022F6500020039DA55 /* Sparkle */; };
		AA00BB062F6500060039DA55 /* PostHog in Frameworks */ = {isa = PBXBuildFile; productRef = AA00BB052F6500050039DA55 /* PostHog */; };
/* End PBXBuildFile section */

/* Begin PBXContainerItemProxy section */
		28F22CCD2F56440300A0FC59 /* PBXContainerItemProxy */ = {
			isa = PBXContainerItemProxy;
			containerPortal = 28F22CB72F56440300A0FC59 /* Project object */;
			proxyType = 1;
			remoteGlobalIDString = 28F22CBE2F56440300A0FC59;
			remoteInfo = "leanring-buddy";
		};
		28F22CD72F56440300A0FC59 /* PBXContainerItemProxy */ = {
			isa = PBXContainerItemProxy;
			containerPortal = 28F22CB72F56440300A0FC59 /* Project object */;
			proxyType = 1;
			remoteGlobalIDString = 28F22CBE2F56440300A0FC59;
			remoteInfo = "leanring-buddy";
		};
/* End PBXContainerItemProxy section */

/* Begin PBXFileReference section */
		28F22CBF2F56440300A0FC59 /* Clicky.app */ = {isa = PBXFileReference; explicitFileType = wrapper.application; includeInIndex = 0; path = Clicky.app; sourceTree = BUILT_PRODUCTS_DIR; };
		28F22CCC2F56440300A0FC59 /* leanring-buddyTests.xctest */ = {isa = PBXFileReference; explicitFileType = wrapper.cfbundle; includeInIndex = 0; path = "leanring-buddyTests.xctest"; sourceTree = BUILT_PRODUCTS_DIR; };
		28F22CD62F56440300A0FC59 /* leanring-buddyUITests.xctest */ = {isa = PBXFileReference; explicitFileType = wrapper.cfbundle; includeInIndex = 0; path = "leanring-buddyUITests.xctest"; sourceTree = BUILT_PRODUCTS_DIR; };
		79D3C1C72FA10F23004AE701 /* AGENTS.md */ = {isa = PBXFileReference; lastKnownFileType = net.daringfireball.markdown; path = AGENTS.md; sourceTree = "<group>"; };
		79D3C1C82FA10F23004AE701 /* AppBundleConfiguration.swift */ = {isa = PBXFileReference; lastKnownFileType = sourcecode.swift; path = AppBundleConfiguration.swift; sourceTree = "<group>"; };
		79D3C1C92FA10F23004AE701 /* AppleSpeechTranscriptionProvider.swift */ = {isa = PBXFileReference; lastKnownFileType = sourcecode.swift; path = AppleSpeechTranscriptionProvider.swift; sourceTree = "<group>"; };
		79D3C1CA2FA10F23004AE701 /* AssemblyAIStreamingTranscriptionProvider.swift */ = {isa = PBXFileReference; lastKnownFileType = sourcecode.swift; path = AssemblyAIStreamingTranscriptionProvider.swift; sourceTree = "<group>"; };
		79D3C1CB2FA10F23004AE701 /* Assets.xcassets */ = {isa = PBXFileReference; lastKnownFileType = folder.assetcatalog; path = Assets.xcassets; sourceTree = "<group>"; };
		79D3C1CC2FA10F23004AE701 /* BuddyAudioConversionSupport.swift */ = {isa = PBXFileReference; lastKnownFileType = sourcecode.swift; path = BuddyAudioConversionSupport.swift; sourceTree = "<group>"; };
		79D3C1CD2FA10F23004AE701 /* BuddyDictationManager.swift */ = {isa = PBXFileReference; lastKnownFileType = sourcecode.swift; path = BuddyDictationManager.swift; sourceTree = "<group>"; };
		79D3C1CE2FA10F23004AE701 /* BuddyTranscriptionProvider.swift */ = {isa = PBXFileReference; lastKnownFileType = sourcecode.swift; path = BuddyTranscriptionProvider.swift; sourceTree = "<group>"; };
		79D3C1CF2FA10F23004AE701 /* ClaudeAPI.swift */ = {isa = PBXFileReference; lastKnownFileType = sourcecode.swift; path = ClaudeAPI.swift; sourceTree = "<group>"; };
		79D3C1D02FA10F23004AE701 /* ClickyAnalytics.swift */ = {isa = PBXFileReference; lastKnownFileType = sourcecode.swift; path = ClickyAnalytics.swift; sourceTree = "<group>"; };
		79D3C1D12FA10F23004AE701 /* codex-add-project.png */ = {isa = PBXFileReference; lastKnownFileType = image.png; path = "codex-add-project.png"; sourceTree = "<group>"; };
		79D3C1D22FA10F23004AE701 /* CompanionManager.swift */ = {isa = PBXFileReference; lastKnownFileType = sourcecode.swift; path = CompanionManager.swift; sourceTree = "<group>"; };
		79D3C1D32FA10F23004AE701 /* CompanionPanelView.swift */ = {isa = PBXFileReference; lastKnownFileType = sourcecode.swift; path = CompanionPanelView.swift; sourceTree = "<group>"; };
		79D3C1D42FA10F23004AE701 /* CompanionResponseOverlay.swift */ = {isa = PBXFileReference; lastKnownFileType = sourcecode.swift; path = CompanionResponseOverlay.swift; sourceTree = "<group>"; };
		79D3C1D52FA10F23004AE701 /* CompanionScreenCaptureUtility.swift */ = {isa = PBXFileReference; lastKnownFileType = sourcecode.swift; path = CompanionScreenCaptureUtility.swift; sourceTree = "<group>"; };
		79D3C1D62FA10F23004AE701 /* DesignSystem.swift */ = {isa = PBXFileReference; lastKnownFileType = sourcecode.swift; path = DesignSystem.swift; sourceTree = "<group>"; };
		79D3C1D72FA10F23004AE701 /* ElementLocationDetector.swift */ = {isa = PBXFileReference; lastKnownFileType = sourcecode.swift; path = ElementLocationDetector.swift; sourceTree = "<group>"; };
		79D3C1D82FA10F23004AE701 /* ElevenLabsTTSClient.swift */ = {isa = PBXFileReference; lastKnownFileType = sourcecode.swift; path = ElevenLabsTTSClient.swift; sourceTree = "<group>"; };
		79D3C1D92FA10F23004AE701 /* enter.mp3 */ = {isa = PBXFileReference; lastKnownFileType = audio.mp3; path = enter.mp3; sourceTree = "<group>"; };
		79D3C1DA2FA10F23004AE701 /* eshop.mp3 */ = {isa = PBXFileReference; lastKnownFileType = audio.mp3; path = eshop.mp3; sourceTree = "<group>"; };
		79D3C1DB2FA10F23004AE701 /* ff.mp3 */ = {isa = PBXFileReference; lastKnownFileType = audio.mp3; path = ff.mp3; sourceTree = "<group>"; };
		79D3C1DC2FA10F23004AE701 /* GlobalPushToTalkShortcutMonitor.swift */ = {isa = PBXFileReference; lastKnownFileType = sourcecode.swift; path = GlobalPushToTalkShortcutMonitor.swift; sourceTree = "<group>"; };
		79D3C1DD2FA10F23004AE701 /* Info.plist */ = {isa = PBXFileReference; lastKnownFileType = text.plist.xml; path = Info.plist; sourceTree = "<group>"; };
		79D3C1DE2FA10F23004AE701 /* leanring_buddyApp.swift */ = {isa = PBXFileReference; lastKnownFileType = sourcecode.swift; path = leanring_buddyApp.swift; sourceTree = "<group>"; };
		79D3C1DF2FA10F23004AE701 /* leanring-buddy.entitlements */ = {isa = PBXFileReference; lastKnownFileType = text.plist.entitlements; path = "leanring-buddy.entitlements"; sourceTree = "<group>"; };
		79D3C1E02FA10F23004AE701 /* MenuBarPanelManager.swift */ = {isa = PBXFileReference; lastKnownFileType = sourcecode.swift; path = MenuBarPanelManager.swift; sourceTree = "<group>"; };
		79D3C1E12FA10F23004AE701 /* MLXQwenAPI.swift */ = {isa = PBXFileReference; lastKnownFileType = sourcecode.swift; path = MLXQwenAPI.swift; sourceTree = "<group>"; };
		79D3C1E22FA10F23004AE701 /* OpenAIAPI.swift */ = {isa = PBXFileReference; lastKnownFileType = sourcecode.swift; path = OpenAIAPI.swift; sourceTree = "<group>"; };
		79D3C1E32FA10F23004AE701 /* OpenAIAudioTranscriptionProvider.swift */ = {isa = PBXFileReference; lastKnownFileType = sourcecode.swift; path = OpenAIAudioTranscriptionProvider.swift; sourceTree = "<group>"; };
		79D3C1E42FA10F23004AE701 /* OverlayWindow.swift */ = {isa = PBXFileReference; lastKnownFileType = sourcecode.swift; path = OverlayWindow.swift; sourceTree = "<group>"; };
		79D3C1E52FA10F23004AE701 /* steve.jpg */ = {isa = PBXFileReference; lastKnownFileType = image.jpeg; path = steve.jpg; sourceTree = "<group>"; };
		79D3C1E62FA10F23004AE701 /* WhisperLocalTranscriptionProvider.swift */ = {isa = PBXFileReference; lastKnownFileType = sourcecode.swift; path = WhisperLocalTranscriptionProvider.swift; sourceTree = "<group>"; };
		79D3C1E72FA10F23004AE701 /* WindowPositionManager.swift */ = {isa = PBXFileReference; lastKnownFileType = sourcecode.swift; path = WindowPositionManager.swift; sourceTree = "<group>"; };
/* End PBXFileReference section */

/* Begin PBXFileSystemSynchronizedRootGroup section */
		28F22CC12F56440300A0FC59 /* leanring-buddy */ = {
			isa = PBXFileSystemSynchronizedRootGroup;
			path = "leanring-buddy";
			sourceTree = "<group>";
		};
		28F22CCF2F56440300A0FC59 /* leanring-buddyTests */ = {
			isa = PBXFileSystemSynchronizedRootGroup;
			path = "leanring-buddyTests";
			sourceTree = "<group>";
		};
		28F22CD92F56440300A0FC59 /* leanring-buddyUITests */ = {
			isa = PBXFileSystemSynchronizedRootGroup;
			path = "leanring-buddyUITests";
			sourceTree = "<group>";
		};
/* End PBXFileSystemSynchronizedRootGroup section */

/* Begin PBXFrameworksBuildPhase section */
		28F22CBC2F56440300A0FC59 /* Frameworks */ = {
			isa = PBXFrameworksBuildPhase;
			buildActionMask = 2147483647;
			files = (
				AA00BB032F6500030039DA55 /* Sparkle in Frameworks */,
				AA00BB062F6500060039DA55 /* PostHog in Frameworks */,
			);
			runOnlyForDeploymentPostprocessing = 0;
		};
		28F22CC92F56440300A0FC59 /* Frameworks */ = {
			isa = PBXFrameworksBuildPhase;
			buildActionMask = 2147483647;
			files = (
			);
			runOnlyForDeploymentPostprocessing = 0;
		};
		28F22CD32F56440300A0FC59 /* Frameworks */ = {
			isa = PBXFrameworksBuildPhase;
			buildActionMask = 2147483647;
			files = (
			);
			runOnlyForDeploymentPostprocessing = 0;
		};
/* End PBXFrameworksBuildPhase section */

/* Begin PBXGroup section */
		28F22CB62F56440300A0FC59 = {
			isa = PBXGroup;
			children = (
				79D3C1E82FA10F23004AE701 /* leanring-buddy */,
				28F22CC12F56440300A0FC59 /* leanring-buddy */,
				28F22CCF2F56440300A0FC59 /* leanring-buddyTests */,
				28F22CD92F56440300A0FC59 /* leanring-buddyUITests */,
				28F22CC02F56440300A0FC59 /* Products */,
			);
			sourceTree = "<group>";
		};
		28F22CC02F56440300A0FC59 /* Products */ = {
			isa = PBXGroup;
			children = (
				28F22CBF2F56440300A0FC59 /* Clicky.app */,
				28F22CCC2F56440300A0FC59 /* leanring-buddyTests.xctest */,
				28F22CD62F56440300A0FC59 /* leanring-buddyUITests.xctest */,
			);
			name = Products;
			sourceTree = "<group>";
		};
		79D3C1E82FA10F23004AE701 /* leanring-buddy */ = {
			isa = PBXGroup;
			children = (
				79D3C1C72FA10F23004AE701 /* AGENTS.md */,
				79D3C1C82FA10F23004AE701 /* AppBundleConfiguration.swift */,
				79D3C1C92FA10F23004AE701 /* AppleSpeechTranscriptionProvider.swift */,
				79D3C1CA2FA10F23004AE701 /* AssemblyAIStreamingTranscriptionProvider.swift */,
				79D3C1CB2FA10F23004AE701 /* Assets.xcassets */,
				79D3C1CC2FA10F23004AE701 /* BuddyAudioConversionSupport.swift */,
				79D3C1CD2FA10F23004AE701 /* BuddyDictationManager.swift */,
				79D3C1CE2FA10F23004AE701 /* BuddyTranscriptionProvider.swift */,
				79D3C1CF2FA10F23004AE701 /* ClaudeAPI.swift */,
				79D3C1D02FA10F23004AE701 /* ClickyAnalytics.swift */,
				79D3C1D12FA10F23004AE701 /* codex-add-project.png */,
				79D3C1D22FA10F23004AE701 /* CompanionManager.swift */,
				79D3C1D32FA10F23004AE701 /* CompanionPanelView.swift */,
				79D3C1D42FA10F23004AE701 /* CompanionResponseOverlay.swift */,
				79D3C1D52FA10F23004AE701 /* CompanionScreenCaptureUtility.swift */,
				79D3C1D62FA10F23004AE701 /* DesignSystem.swift */,
				79D3C1D72FA10F23004AE701 /* ElementLocationDetector.swift */,
				79D3C1D82FA10F23004AE701 /* ElevenLabsTTSClient.swift */,
				79D3C1D92FA10F23004AE701 /* enter.mp3 */,
				79D3C1DA2FA10F23004AE701 /* eshop.mp3 */,
				79D3C1DB2FA10F23004AE701 /* ff.mp3 */,
				79D3C1DC2FA10F23004AE701 /* GlobalPushToTalkShortcutMonitor.swift */,
				79D3C1DD2FA10F23004AE701 /* Info.plist */,
				79D3C1DE2FA10F23004AE701 /* leanring_buddyApp.swift */,
				79D3C1DF2FA10F23004AE701 /* leanring-buddy.entitlements */,
				79D3C1E02FA10F23004AE701 /* MenuBarPanelManager.swift */,
				79D3C1E12FA10F23004AE701 /* MLXQwenAPI.swift */,
				79D3C1E22FA10F23004AE701 /* OpenAIAPI.swift */,
				79D3C1E32FA10F23004AE701 /* OpenAIAudioTranscriptionProvider.swift */,
				79D3C1E42FA10F23004AE701 /* OverlayWindow.swift */,
				79D3C1E52FA10F23004AE701 /* steve.jpg */,
				79D3C1E62FA10F23004AE701 /* WhisperLocalTranscriptionProvider.swift */,
				79D3C1E72FA10F23004AE701 /* WindowPositionManager.swift */,
			);
			path = "leanring-buddy";
			sourceTree = "<group>";
		};
/* End PBXGroup section */

/* Begin PBXNativeTarget section */
		28F22CBE2F56440300A0FC59 /* leanring-buddy */ = {
			isa = PBXNativeTarget;
			buildConfigurationList = 28F22CE02F56440300A0FC59 /* Build configuration list for PBXNativeTarget "leanring-buddy" */;
			buildPhases = (
				28F22CBB2F56440300A0FC59 /* Sources */,
				28F22CBC2F56440300A0FC59 /* Frameworks */,
				28F22CBD2F56440300A0FC59 /* Resources */,
			);
			buildRules = (
			);
			dependencies = (
			);
			fileSystemSynchronizedGroups = (
				28F22CC12F56440300A0FC59 /* leanring-buddy */,
			);
			name = "leanring-buddy";
			packageProductDependencies = (
				AA00BB022F6500020039DA55 /* Sparkle */,
				AA00BB052F6500050039DA55 /* PostHog */,
			);
			productName = "leanring-buddy";
			productReference = 28F22CBF2F56440300A0FC59 /* Clicky.app */;
			productType = "com.apple.product-type.application";
		};
		28F22CCB2F56440300A0FC59 /* leanring-buddyTests */ = {
			isa = PBXNativeTarget;
			buildConfigurationList = 28F22CE32F56440300A0FC59 /* Build configuration list for PBXNativeTarget "leanring-buddyTests" */;
			buildPhases = (
				28F22CC82F56440300A0FC59 /* Sources */,
				28F22CC92F56440300A0FC59 /* Frameworks */,
				28F22CCA2F56440300A0FC59 /* Resources */,
			);
			buildRules = (
			);
			dependencies = (
				28F22CCE2F56440300A0FC59 /* PBXTargetDependency */,
			);
			fileSystemSynchronizedGroups = (
				28F22CCF2F56440300A0FC59 /* leanring-buddyTests */,
			);
			name = "leanring-buddyTests";
			packageProductDependencies = (
			);
			productName = "leanring-buddyTests";
			productReference = 28F22CCC2F56440300A0FC59 /* leanring-buddyTests.xctest */;
			productType = "com.apple.product-type.bundle.unit-test";
		};
		28F22CD52F56440300A0FC59 /* leanring-buddyUITests */ = {
			isa = PBXNativeTarget;
			buildConfigurationList = 28F22CE62F56440300A0FC59 /* Build configuration list for PBXNativeTarget "leanring-buddyUITests" */;
			buildPhases = (
				28F22CD22F56440300A0FC59 /* Sources */,
				28F22CD32F56440300A0FC59 /* Frameworks */,
				28F22CD42F56440300A0FC59 /* Resources */,
			);
			buildRules = (
			);
			dependencies = (
				28F22CD82F56440300A0FC59 /* PBXTargetDependency */,
			);
			fileSystemSynchronizedGroups = (
				28F22CD92F56440300A0FC59 /* leanring-buddyUITests */,
			);
			name = "leanring-buddyUITests";
			packageProductDependencies = (
			);
			productName = "leanring-buddyUITests";
			productReference = 28F22CD62F56440300A0FC59 /* leanring-buddyUITests.xctest */;
			productType = "com.apple.product-type.bundle.ui-testing";
		};
/* End PBXNativeTarget section */

/* Begin PBXProject section */
		28F22CB72F56440300A0FC59 /* Project object */ = {
			isa = PBXProject;
			attributes = {
				BuildIndependentTargetsInParallel = 1;
				LastSwiftUpdateCheck = 2620;
				LastUpgradeCheck = 2620;
				TargetAttributes = {
					28F22CBE2F56440300A0FC59 = {
						CreatedOnToolsVersion = 26.2;
					};
					28F22CCB2F56440300A0FC59 = {
						CreatedOnToolsVersion = 26.2;
						TestTargetID = 28F22CBE2F56440300A0FC59;
					};
					28F22CD52F56440300A0FC59 = {
						CreatedOnToolsVersion = 26.2;
						TestTargetID = 28F22CBE2F56440300A0FC59;
					};
				};
			};
			buildConfigurationList = 28F22CBA2F56440300A0FC59 /* Build configuration list for PBXProject "leanring-buddy" */;
			developmentRegion = en;
			hasScannedForEncodings = 0;
			knownRegions = (
				en,
				Base,
			);
			mainGroup = 28F22CB62F56440300A0FC59;
			minimizedProjectReferenceProxies = 1;
			packageReferences = (
				AA00BB012F6500010039DA55 /* XCRemoteSwiftPackageReference "Sparkle" */,
				AA00BB042F6500040039DA55 /* XCRemoteSwiftPackageReference "posthog-ios" */,
			);
			preferredProjectObjectVersion = 77;
			productRefGroup = 28F22CC02F56440300A0FC59 /* Products */;
			projectDirPath = "";
			projectRoot = "";
			targets = (
				28F22CBE2F56440300A0FC59 /* leanring-buddy */,
				28F22CCB2F56440300A0FC59 /* leanring-buddyTests */,
				28F22CD52F56440300A0FC59 /* leanring-buddyUITests */,
			);
		};
/* End PBXProject section */

/* Begin PBXResourcesBuildPhase section */
		28F22CBD2F56440300A0FC59 /* Resources */ = {
			isa = PBXResourcesBuildPhase;
			buildActionMask = 2147483647;
			files = (
				79D3C1E92FA10F23004AE701 /* steve.jpg in Resources */,
				79D3C1EA2FA10F23004AE701 /* ff.mp3 in Resources */,
				79D3C1EB2FA10F23004AE701 /* Assets.xcassets in Resources */,
				79D3C1EC2FA10F23004AE701 /* Info.plist in Resources */,
				79D3C1ED2FA10F23004AE701 /* AGENTS.md in Resources */,
				79D3C1EE2FA10F23004AE701 /* enter.mp3 in Resources */,
				79D3C1EF2FA10F23004AE701 /* codex-add-project.png in Resources */,
				79D3C1F02FA10F23004AE701 /* eshop.mp3 in Resources */,
			);
			runOnlyForDeploymentPostprocessing = 0;
		};
		28F22CCA2F56440300A0FC59 /* Resources */ = {
			isa = PBXResourcesBuildPhase;
			buildActionMask = 2147483647;
			files = (
			);
			runOnlyForDeploymentPostprocessing = 0;
		};
		28F22CD42F56440300A0FC59 /* Resources */ = {
			isa = PBXResourcesBuildPhase;
			buildActionMask = 2147483647;
			files = (
			);
			runOnlyForDeploymentPostprocessing = 0;
		};
/* End PBXResourcesBuildPhase section */

/* Begin PBXSourcesBuildPhase section */
		28F22CBB2F56440300A0FC59 /* Sources */ = {
			isa = PBXSourcesBuildPhase;
			buildActionMask = 2147483647;
			files = (
				79D3C1F12FA10F23004AE701 /* leanring_buddyApp.swift in Sources */,
				79D3C1F22FA10F23004AE701 /* OpenAIAPI.swift in Sources */,
				79D3C1F32FA10F23004AE701 /* AssemblyAIStreamingTranscriptionProvider.swift in Sources */,
				79D3C1F42FA10F23004AE701 /* OverlayWindow.swift in Sources */,
				79D3C1F52FA10F23004AE701 /* OpenAIAudioTranscriptionProvider.swift in Sources */,
				79D3C1F62FA10F23004AE701 /* WindowPositionManager.swift in Sources */,
				79D3C1F72FA10F23004AE701 /* BuddyAudioConversionSupport.swift in Sources */,
				79D3C1F82FA10F23004AE701 /* AppleSpeechTranscriptionProvider.swift in Sources */,
				79D3C1F92FA10F23004AE701 /* CompanionResponseOverlay.swift in Sources */,
				79D3C1FA2FA10F23004AE701 /* MLXQwenAPI.swift in Sources */,
				79D3C1FB2FA10F23004AE701 /* WhisperLocalTranscriptionProvider.swift in Sources */,
				79D3C1FC2FA10F23004AE701 /* ClickyAnalytics.swift in Sources */,
				79D3C1FD2FA10F23004AE701 /* BuddyTranscriptionProvider.swift in Sources */,
				79D3C1FE2FA10F23004AE701 /* ElementLocationDetector.swift in Sources */,
				79D3C1FF2FA10F23004AE701 /* MenuBarPanelManager.swift in Sources */,
				79D3C2002FA10F23004AE701 /* ElevenLabsTTSClient.swift in Sources */,
				79D3C2012FA10F23004AE701 /* AppBundleConfiguration.swift in Sources */,
				79D3C2022FA10F23004AE701 /* DesignSystem.swift in Sources */,
				79D3C2032FA10F23004AE701 /* GlobalPushToTalkShortcutMonitor.swift in Sources */,
				79D3C2042FA10F23004AE701 /* ClaudeAPI.swift in Sources */,
				79D3C2052FA10F23004AE701 /* CompanionPanelView.swift in Sources */,
				79D3C2062FA10F23004AE701 /* CompanionScreenCaptureUtility.swift in Sources */,
				79D3C2072FA10F23004AE701 /* BuddyDictationManager.swift in Sources */,
				79D3C2082FA10F23004AE701 /* CompanionManager.swift in Sources */,
			);
			runOnlyForDeploymentPostprocessing = 0;
		};
		28F22CC82F56440300A0FC59 /* Sources */ = {
			isa = PBXSourcesBuildPhase;
			buildActionMask = 2147483647;
			files = (
			);
			runOnlyForDeploymentPostprocessing = 0;
		};
		28F22CD22F56440300A0FC59 /* Sources */ = {
			isa = PBXSourcesBuildPhase;
			buildActionMask = 2147483647;
			files = (
			);
			runOnlyForDeploymentPostprocessing = 0;
		};
/* End PBXSourcesBuildPhase section */

/* Begin PBXTargetDependency section */
		28F22CCE2F56440300A0FC59 /* PBXTargetDependency */ = {
			isa = PBXTargetDependency;
			target = 28F22CBE2F56440300A0FC59 /* leanring-buddy */;
			targetProxy = 28F22CCD2F56440300A0FC59 /* PBXContainerItemProxy */;
		};
		28F22CD82F56440300A0FC59 /* PBXTargetDependency */ = {
			isa = PBXTargetDependency;
			target = 28F22CBE2F56440300A0FC59 /* leanring-buddy */;
			targetProxy = 28F22CD72F56440300A0FC59 /* PBXContainerItemProxy */;
		};
/* End PBXTargetDependency section */

/* Begin XCBuildConfiguration section */
		28F22CDE2F56440300A0FC59 /* Debug */ = {
			isa = XCBuildConfiguration;
			buildSettings = {
				ALWAYS_SEARCH_USER_PATHS = NO;
				ASSETCATALOG_COMPILER_GENERATE_SWIFT_ASSET_SYMBOL_EXTENSIONS = YES;
				CLANG_ANALYZER_NONNULL = YES;
				CLANG_ANALYZER_NUMBER_OBJECT_CONVERSION = YES_AGGRESSIVE;
				CLANG_CXX_LANGUAGE_STANDARD = "gnu++20";
				CLANG_ENABLE_MODULES = YES;
				CLANG_ENABLE_OBJC_ARC = YES;
				CLANG_ENABLE_OBJC_WEAK = YES;
				CLANG_WARN_BLOCK_CAPTURE_AUTORELEASING = YES;
				CLANG_WARN_BOOL_CONVERSION = YES;
				CLANG_WARN_COMMA = YES;
				CLANG_WARN_CONSTANT_CONVERSION = YES;
				CLANG_WARN_DEPRECATED_OBJC_IMPLEMENTATIONS = YES;
				CLANG_WARN_DIRECT_OBJC_ISA_USAGE = YES_ERROR;
				CLANG_WARN_DOCUMENTATION_COMMENTS = YES;
				CLANG_WARN_EMPTY_BODY = YES;
				CLANG_WARN_ENUM_CONVERSION = YES;
				CLANG_WARN_INFINITE_RECURSION = YES;
				CLANG_WARN_INT_CONVERSION = YES;
				CLANG_WARN_NON_LITERAL_NULL_CONVERSION = YES;
				CLANG_WARN_OBJC_IMPLICIT_RETAIN_SELF = YES;
				CLANG_WARN_OBJC_LITERAL_CONVERSION = YES;
				CLANG_WARN_OBJC_ROOT_CLASS = YES_ERROR;
				CLANG_WARN_QUOTED_INCLUDE_IN_FRAMEWORK_HEADER = YES;
				CLANG_WARN_RANGE_LOOP_ANALYSIS = YES;
				CLANG_WARN_STRICT_PROTOTYPES = YES;
				CLANG_WARN_SUSPICIOUS_MOVE = YES;
				CLANG_WARN_UNGUARDED_AVAILABILITY = YES_AGGRESSIVE;
				CLANG_WARN_UNREACHABLE_CODE = YES;
				CLANG_WARN__DUPLICATE_METHOD_MATCH = YES;
				COPY_PHASE_STRIP = NO;
				DEBUG_INFORMATION_FORMAT = dwarf;
				DEVELOPMENT_TEAM = 6D7X9GGZAW;
				ENABLE_STRICT_OBJC_MSGSEND = YES;
				ENABLE_TESTABILITY = YES;
				ENABLE_USER_SCRIPT_SANDBOXING = YES;
				GCC_C_LANGUAGE_STANDARD = gnu17;
				GCC_DYNAMIC_NO_PIC = NO;
				GCC_NO_COMMON_BLOCKS = YES;
				GCC_OPTIMIZATION_LEVEL = 0;
				GCC_PREPROCESSOR_DEFINITIONS = (
					"DEBUG=1",
					"$(inherited)",
				);
				GCC_WARN_64_TO_32_BIT_CONVERSION = YES;
				GCC_WARN_ABOUT_RETURN_TYPE = YES_ERROR;
				GCC_WARN_UNDECLARED_SELECTOR = YES;
				GCC_WARN_UNINITIALIZED_AUTOS = YES_AGGRESSIVE;
				GCC_WARN_UNUSED_FUNCTION = YES;
				GCC_WARN_UNUSED_VARIABLE = YES;
				LOCALIZATION_PREFERS_STRING_CATALOGS = YES;
				MACOSX_DEPLOYMENT_TARGET = 14.2;
				MTL_ENABLE_DEBUG_INFO = INCLUDE_SOURCE;
				MTL_FAST_MATH = YES;
				ONLY_ACTIVE_ARCH = YES;
				SDKROOT = macosx;
				SWIFT_ACTIVE_COMPILATION_CONDITIONS = "DEBUG $(inherited)";
				SWIFT_OPTIMIZATION_LEVEL = "-Onone";
			};
			name = Debug;
		};
		28F22CDF2F56440300A0FC59 /* Release */ = {
			isa = XCBuildConfiguration;
			buildSettings = {
				ALWAYS_SEARCH_USER_PATHS = NO;
				ASSETCATALOG_COMPILER_GENERATE_SWIFT_ASSET_SYMBOL_EXTENSIONS = YES;
				CLANG_ANALYZER_NONNULL = YES;
				CLANG_ANALYZER_NUMBER_OBJECT_CONVERSION = YES_AGGRESSIVE;
				CLANG_CXX_LANGUAGE_STANDARD = "gnu++20";
				CLANG_ENABLE_MODULES = YES;
				CLANG_ENABLE_OBJC_ARC = YES;
				CLANG_ENABLE_OBJC_WEAK = YES;
				CLANG_WARN_BLOCK_CAPTURE_AUTORELEASING = YES;
				CLANG_WARN_BOOL_CONVERSION = YES;
				CLANG_WARN_COMMA = YES;
				CLANG_WARN_CONSTANT_CONVERSION = YES;
				CLANG_WARN_DEPRECATED_OBJC_IMPLEMENTATIONS = YES;
				CLANG_WARN_DIRECT_OBJC_ISA_USAGE = YES_ERROR;
				CLANG_WARN_DOCUMENTATION_COMMENTS = YES;
				CLANG_WARN_EMPTY_BODY = YES;
				CLANG_WARN_ENUM_CONVERSION = YES;
				CLANG_WARN_INFINITE_RECURSION = YES;
				CLANG_WARN_INT_CONVERSION = YES;
				CLANG_WARN_NON_LITERAL_NULL_CONVERSION = YES;
				CLANG_WARN_OBJC_IMPLICIT_RETAIN_SELF = YES;
				CLANG_WARN_OBJC_LITERAL_CONVERSION = YES;
				CLANG_WARN_OBJC_ROOT_CLASS = YES_ERROR;
				CLANG_WARN_QUOTED_INCLUDE_IN_FRAMEWORK_HEADER = YES;
				CLANG_WARN_RANGE_LOOP_ANALYSIS = YES;
				CLANG_WARN_STRICT_PROTOTYPES = YES;
				CLANG_WARN_SUSPICIOUS_MOVE = YES;
				CLANG_WARN_UNGUARDED_AVAILABILITY = YES_AGGRESSIVE;
				CLANG_WARN_UNREACHABLE_CODE = YES;
				CLANG_WARN__DUPLICATE_METHOD_MATCH = YES;
				COPY_PHASE_STRIP = NO;
				DEBUG_INFORMATION_FORMAT = "dwarf-with-dsym";
				DEVELOPMENT_TEAM = 6D7X9GGZAW;
				ENABLE_NS_ASSERTIONS = NO;
				ENABLE_STRICT_OBJC_MSGSEND = YES;
				ENABLE_USER_SCRIPT_SANDBOXING = YES;
				GCC_C_LANGUAGE_STANDARD = gnu17;
				GCC_NO_COMMON_BLOCKS = YES;
				GCC_WARN_64_TO_32_BIT_CONVERSION = YES;
				GCC_WARN_ABOUT_RETURN_TYPE = YES_ERROR;
				GCC_WARN_UNDECLARED_SELECTOR = YES;
				GCC_WARN_UNINITIALIZED_AUTOS = YES_AGGRESSIVE;
				GCC_WARN_UNUSED_FUNCTION = YES;
				GCC_WARN_UNUSED_VARIABLE = YES;
				LOCALIZATION_PREFERS_STRING_CATALOGS = YES;
				MACOSX_DEPLOYMENT_TARGET = 14.2;
				MTL_ENABLE_DEBUG_INFO = NO;
				MTL_FAST_MATH = YES;
				SDKROOT = macosx;
				SWIFT_COMPILATION_MODE = wholemodule;
			};
			name = Release;
		};
		28F22CE12F56440300A0FC59 /* Debug */ = {
			isa = XCBuildConfiguration;
			buildSettings = {
				ASSETCATALOG_COMPILER_APPICON_NAME = AppIcon;
				ASSETCATALOG_COMPILER_GLOBAL_ACCENT_COLOR_NAME = AccentColor;
				CODE_SIGN_ENTITLEMENTS = "leanring-buddy/leanring-buddy.entitlements";
				CODE_SIGN_STYLE = Automatic;
				COMBINE_HIDPI_IMAGES = YES;
				CURRENT_PROJECT_VERSION = 1;
				DEVELOPMENT_TEAM = 7G3PJPU7RT;
				ENABLE_APP_SANDBOX = NO;
				ENABLE_HARDENED_RUNTIME = YES;
				ENABLE_OUTGOING_NETWORK_CONNECTIONS = YES;
				ENABLE_PREVIEWS = YES;
				ENABLE_USER_SELECTED_FILES = readonly;
				GENERATE_INFOPLIST_FILE = YES;
				INFOPLIST_FILE = "leanring-buddy/Info.plist";
				INFOPLIST_KEY_CFBundleDisplayName = Clicky;
				INFOPLIST_KEY_CFBundleName = Clicky;
				INFOPLIST_KEY_NSHumanReadableCopyright = "";
				INFOPLIST_KEY_NSScreenCaptureUsageDescription = "Clicky needs screen recording access to see your screen and help you.";
				LD_RUNPATH_SEARCH_PATHS = (
					"$(inherited)",
					"@executable_path/../Frameworks",
				);
				MARKETING_VERSION = 1.0;
				PRODUCT_BUNDLE_IDENTIFIER = "com.yourcompany.leanring-buddy";
				PRODUCT_NAME = Clicky;
				REGISTER_APP_GROUPS = YES;
				STRING_CATALOG_GENERATE_SYMBOLS = YES;
				SWIFT_APPROACHABLE_CONCURRENCY = YES;
				SWIFT_DEFAULT_ACTOR_ISOLATION = MainActor;
				SWIFT_EMIT_LOC_STRINGS = YES;
				SWIFT_UPCOMING_FEATURE_MEMBER_IMPORT_VISIBILITY = YES;
				SWIFT_VERSION = 5.0;
			};
			name = Debug;
		};
		28F22CE22F56440300A0FC59 /* Release */ = {
			isa = XCBuildConfiguration;
			buildSettings = {
				ASSETCATALOG_COMPILER_APPICON_NAME = AppIcon;
				ASSETCATALOG_COMPILER_GLOBAL_ACCENT_COLOR_NAME = AccentColor;
				CODE_SIGN_ENTITLEMENTS = "leanring-buddy/leanring-buddy.entitlements";
				CODE_SIGN_STYLE = Automatic;
				COMBINE_HIDPI_IMAGES = YES;
				CURRENT_PROJECT_VERSION = 1;
				DEVELOPMENT_TEAM = 7G3PJPU7RT;
				ENABLE_APP_SANDBOX = NO;
				ENABLE_HARDENED_RUNTIME = YES;
				ENABLE_OUTGOING_NETWORK_CONNECTIONS = YES;
				ENABLE_PREVIEWS = YES;
				ENABLE_USER_SELECTED_FILES = readonly;
				GENERATE_INFOPLIST_FILE = YES;
				INFOPLIST_FILE = "leanring-buddy/Info.plist";
				INFOPLIST_KEY_CFBundleDisplayName = Clicky;
				INFOPLIST_KEY_CFBundleName = Clicky;
				INFOPLIST_KEY_NSHumanReadableCopyright = "";
				INFOPLIST_KEY_NSScreenCaptureUsageDescription = "Clicky needs screen recording access to see your screen and help you.";
				LD_RUNPATH_SEARCH_PATHS = (
					"$(inherited)",
					"@executable_path/../Frameworks",
				);
				MARKETING_VERSION = 1.0;
				PRODUCT_BUNDLE_IDENTIFIER = "com.yourcompany.leanring-buddy";
				PRODUCT_NAME = Clicky;
				REGISTER_APP_GROUPS = YES;
				STRING_CATALOG_GENERATE_SYMBOLS = YES;
				SWIFT_APPROACHABLE_CONCURRENCY = YES;
				SWIFT_DEFAULT_ACTOR_ISOLATION = MainActor;
				SWIFT_EMIT_LOC_STRINGS = YES;
				SWIFT_UPCOMING_FEATURE_MEMBER_IMPORT_VISIBILITY = YES;
				SWIFT_VERSION = 5.0;
			};
			name = Release;
		};
		28F22CE42F56440300A0FC59 /* Debug */ = {
			isa = XCBuildConfiguration;
			buildSettings = {
				BUNDLE_LOADER = "$(TEST_HOST)";
				CODE_SIGN_STYLE = Automatic;
				CURRENT_PROJECT_VERSION = 1;
				DEVELOPMENT_TEAM = 6D7X9GGZAW;
				GENERATE_INFOPLIST_FILE = YES;
				MACOSX_DEPLOYMENT_TARGET = 14.2;
				MARKETING_VERSION = 1.0;
				PRODUCT_BUNDLE_IDENTIFIER = "com.yourcompany.leanring-buddyTests";
				PRODUCT_NAME = "$(TARGET_NAME)";
				STRING_CATALOG_GENERATE_SYMBOLS = NO;
				SWIFT_APPROACHABLE_CONCURRENCY = YES;
				SWIFT_EMIT_LOC_STRINGS = NO;
				SWIFT_UPCOMING_FEATURE_MEMBER_IMPORT_VISIBILITY = YES;
				SWIFT_VERSION = 5.0;
				TEST_HOST = "$(BUILT_PRODUCTS_DIR)/leanring-buddy.app/$(BUNDLE_EXECUTABLE_FOLDER_PATH)/leanring-buddy";
			};
			name = Debug;
		};
		28F22CE52F56440300A0FC59 /* Release */ = {
			isa = XCBuildConfiguration;
			buildSettings = {
				BUNDLE_LOADER = "$(TEST_HOST)";
				CODE_SIGN_STYLE = Automatic;
				CURRENT_PROJECT_VERSION = 1;
				DEVELOPMENT_TEAM = 6D7X9GGZAW;
				GENERATE_INFOPLIST_FILE = YES;
				MACOSX_DEPLOYMENT_TARGET = 14.2;
				MARKETING_VERSION = 1.0;
				PRODUCT_BUNDLE_IDENTIFIER = "com.yourcompany.leanring-buddyTests";
				PRODUCT_NAME = "$(TARGET_NAME)";
				STRING_CATALOG_GENERATE_SYMBOLS = NO;
				SWIFT_APPROACHABLE_CONCURRENCY = YES;
				SWIFT_EMIT_LOC_STRINGS = NO;
				SWIFT_UPCOMING_FEATURE_MEMBER_IMPORT_VISIBILITY = YES;
				SWIFT_VERSION = 5.0;
				TEST_HOST = "$(BUILT_PRODUCTS_DIR)/leanring-buddy.app/$(BUNDLE_EXECUTABLE_FOLDER_PATH)/leanring-buddy";
			};
			name = Release;
		};
		28F22CE72F56440300A0FC59 /* Debug */ = {
			isa = XCBuildConfiguration;
			buildSettings = {
				CODE_SIGN_STYLE = Automatic;
				CURRENT_PROJECT_VERSION = 1;
				DEVELOPMENT_TEAM = 6D7X9GGZAW;
				GENERATE_INFOPLIST_FILE = YES;
				MARKETING_VERSION = 1.0;
				PRODUCT_BUNDLE_IDENTIFIER = "com.yourcompany.leanring-buddyUITests";
				PRODUCT_NAME = "$(TARGET_NAME)";
				STRING_CATALOG_GENERATE_SYMBOLS = NO;
				SWIFT_APPROACHABLE_CONCURRENCY = YES;
				SWIFT_EMIT_LOC_STRINGS = NO;
				SWIFT_UPCOMING_FEATURE_MEMBER_IMPORT_VISIBILITY = YES;
				SWIFT_VERSION = 5.0;
				TEST_TARGET_NAME = "leanring-buddy";
			};
			name = Debug;
		};
		28F22CE82F56440300A0FC59 /* Release */ = {
			isa = XCBuildConfiguration;
			buildSettings = {
				CODE_SIGN_STYLE = Automatic;
				CURRENT_PROJECT_VERSION = 1;
				DEVELOPMENT_TEAM = 6D7X9GGZAW;
				GENERATE_INFOPLIST_FILE = YES;
				MARKETING_VERSION = 1.0;
				PRODUCT_BUNDLE_IDENTIFIER = "com.yourcompany.leanring-buddyUITests";
				PRODUCT_NAME = "$(TARGET_NAME)";
				STRING_CATALOG_GENERATE_SYMBOLS = NO;
				SWIFT_APPROACHABLE_CONCURRENCY = YES;
				SWIFT_EMIT_LOC_STRINGS = NO;
				SWIFT_UPCOMING_FEATURE_MEMBER_IMPORT_VISIBILITY = YES;
				SWIFT_VERSION = 5.0;
				TEST_TARGET_NAME = "leanring-buddy";
			};
			name = Release;
		};
/* End XCBuildConfiguration section */

/* Begin XCConfigurationList section */
		28F22CBA2F56440300A0FC59 /* Build configuration list for PBXProject "leanring-buddy" */ = {
			isa = XCConfigurationList;
			buildConfigurations = (
				28F22CDE2F56440300A0FC59 /* Debug */,
				28F22CDF2F56440300A0FC59 /* Release */,
			);
			defaultConfigurationIsVisible = 0;
			defaultConfigurationName = Release;
		};
		28F22CE02F56440300A0FC59 /* Build configuration list for PBXNativeTarget "leanring-buddy" */ = {
			isa = XCConfigurationList;
			buildConfigurations = (
				28F22CE12F56440300A0FC59 /* Debug */,
				28F22CE22F56440300A0FC59 /* Release */,
			);
			defaultConfigurationIsVisible = 0;
			defaultConfigurationName = Release;
		};
		28F22CE32F56440300A0FC59 /* Build configuration list for PBXNativeTarget "leanring-buddyTests" */ = {
			isa = XCConfigurationList;
			buildConfigurations = (
				28F22CE42F56440300A0FC59 /* Debug */,
				28F22CE52F56440300A0FC59 /* Release */,
			);
			defaultConfigurationIsVisible = 0;
			defaultConfigurationName = Release;
		};
		28F22CE62F56440300A0FC59 /* Build configuration list for PBXNativeTarget "leanring-buddyUITests" */ = {
			isa = XCConfigurationList;
			buildConfigurations = (
				28F22CE72F56440300A0FC59 /* Debug */,
				28F22CE82F56440300A0FC59 /* Release */,
			);
			defaultConfigurationIsVisible = 0;
			defaultConfigurationName = Release;
		};
/* End XCConfigurationList section */

/* Begin XCRemoteSwiftPackageReference section */
		AA00BB012F6500010039DA55 /* XCRemoteSwiftPackageReference "Sparkle" */ = {
			isa = XCRemoteSwiftPackageReference;
			repositoryURL = "https://github.com/sparkle-project/Sparkle";
			requirement = {
				kind = upToNextMajorVersion;
				minimumVersion = 2.9.0;
			};
		};
		AA00BB042F6500040039DA55 /* XCRemoteSwiftPackageReference "posthog-ios" */ = {
			isa = XCRemoteSwiftPackageReference;
			repositoryURL = "https://github.com/PostHog/posthog-ios.git";
			requirement = {
				kind = upToNextMajorVersion;
				minimumVersion = 3.0.0;
			};
		};
/* End XCRemoteSwiftPackageReference section */

/* Begin XCSwiftPackageProductDependency section */
		AA00BB022F6500020039DA55 /* Sparkle */ = {
			isa = XCSwiftPackageProductDependency;
			package = AA00BB012F6500010039DA55 /* XCRemoteSwiftPackageReference "Sparkle" */;
			productName = Sparkle;
		};
		AA00BB052F6500050039DA55 /* PostHog */ = {
			isa = XCSwiftPackageProductDependency;
			package = AA00BB042F6500040039DA55 /* XCRemoteSwiftPackageReference "posthog-ios" */;
			productName = PostHog;
		};
/* End XCSwiftPackageProductDependency section */
	};
	rootObject = 28F22CB72F56440300A0FC59 /* Project object */;
}
